// !$*UTF8*$!
{
	archiveVersion = 1;
	classes = {
	};
	objectVersion = 55;
	objects = {

/* Begin PBXBuildFile section */
		2CF65DA5282442EE00DC8A9C /* TestTask_RadarApp.swift in Sources */ = {isa = PBXBuildFile; fileRef = 2CF65DA4282442EE00DC8A9C /* TestTask_RadarApp.swift */; };
		2CF65DA7282442EE00DC8A9C /* ContentView.swift in Sources */ = {isa = PBXBuildFile; fileRef = 2CF65DA6282442EE00DC8A9C /* ContentView.swift */; };
		2CF65DA9282442F300DC8A9C /* Assets.xcassets in Resources */ = {isa = PBXBuildFile; fileRef = 2CF65DA8282442F300DC8A9C /* Assets.xcassets */; };
		2CF65DAC282442F300DC8A9C /* Preview Assets.xcassets in Resources */ = {isa = PBXBuildFile; fileRef = 2CF65DAB282442F300DC8A9C /* Preview Assets.xcassets */; };
		2CF65DB6282442F300DC8A9C /* TestTask_RadarTests.swift in Sources */ = {isa = PBXBuildFile; fileRef = 2CF65DB5282442F300DC8A9C /* TestTask_RadarTests.swift */; };
		2CF65DC0282442F300DC8A9C /* TestTask_RadarUITests.swift in Sources */ = {isa = PBXBuildFile; fileRef = 2CF65DBF282442F300DC8A9C /* TestTask_RadarUITests.swift */; };
		2CF65DC2282442F300DC8A9C /* TestTask_RadarUITestsLaunchTests.swift in Sources */ = {isa = PBXBuildFile; fileRef = 2CF65DC1282442F300DC8A9C /* TestTask_RadarUITestsLaunchTests.swift */; };
/* End PBXBuildFile section */

/* Begin PBXContainerItemProxy section */
		2CF65DB2282442F300DC8A9C /* PBXContainerItemProxy */ = {
			isa = PBXContainerItemProxy;
			containerPortal = 2CF65D99282442EE00DC8A9C /* Project object */;
			proxyType = 1;
			remoteGlobalIDString = 2CF65DA0282442EE00DC8A9C;
			remoteInfo = TestTask_Radar;
		};
		2CF65DBC282442F300DC8A9C /* PBXContainerItemProxy */ = {
			isa = PBXContainerItemProxy;
			containerPortal = 2CF65D99282442EE00DC8A9C /* Project object */;
			proxyType = 1;
			remoteGlobalIDString = 2CF65DA0282442EE00DC8A9C;
			remoteInfo = TestTask_Radar;
		};
/* End PBXContainerItemProxy section */

/* Begin PBXFileReference section */
		2CF65DA1282442EE00DC8A9C /* TestTask_Radar.app */ = {isa = PBXFileReference; explicitFileType = wrapper.application; includeInIndex = 0; path = TestTask_Radar.app; sourceTree = BUILT_PRODUCTS_DIR; };
		2CF65DA4282442EE00DC8A9C /* TestTask_RadarApp.swift */ = {isa = PBXFileReference; lastKnownFileType = sourcecode.swift; path = TestTask_RadarApp.swift; sourceTree = "<group>"; };
		2CF65DA6282442EE00DC8A9C /* ContentView.swift */ = {isa = PBXFileReference; lastKnownFileType = sourcecode.swift; path = ContentView.swift; sourceTree = "<group>"; };
		2CF65DA8282442F300DC8A9C /* Assets.xcassets */ = {isa = PBXFileReference; lastKnownFileType = folder.assetcatalog; path = Assets.xcassets; sourceTree = "<group>"; };
		2CF65DAB282442F300DC8A9C /* Preview Assets.xcassets */ = {isa = PBXFileReference; lastKnownFileType = folder.assetcatalog; path = "Preview Assets.xcassets"; sourceTree = "<group>"; };
		2CF65DB1282442F300DC8A9C /* TestTask_RadarTests.xctest */ = {isa = PBXFileReference; explicitFileType = wrapper.cfbundle; includeInIndex = 0; path = TestTask_RadarTests.xctest; sourceTree = BUILT_PRODUCTS_DIR; };
		2CF65DB5282442F300DC8A9C /* TestTask_RadarTests.swift */ = {isa = PBXFileReference; lastKnownFileType = sourcecode.swift; path = TestTask_RadarTests.swift; sourceTree = "<group>"; };
		2CF65DBB282442F300DC8A9C /* TestTask_RadarUITests.xctest */ = {isa = PBXFileReference; explicitFileType = wrapper.cfbundle; includeInIndex = 0; path = TestTask_RadarUITests.xctest; sourceTree = BUILT_PRODUCTS_DIR; };
		2CF65DBF282442F300DC8A9C /* TestTask_RadarUITests.swift */ = {isa = PBXFileReference; lastKnownFileType = sourcecode.swift; path = TestTask_RadarUITests.swift; sourceTree = "<group>"; };
		2CF65DC1282442F300DC8A9C /* TestTask_RadarUITestsLaunchTests.swift */ = {isa = PBXFileReference; lastKnownFileType = sourcecode.swift; path = TestTask_RadarUITestsLaunchTests.swift; sourceTree = "<group>"; };
/* End PBXFileReference section */

/* Begin PBXFrameworksBuildPhase section */
		2CF65D9E282442EE00DC8A9C /* Frameworks */ = {
			isa = PBXFrameworksBuildPhase;
			buildActionMask = 2147483647;
			files = (
			);
			runOnlyForDeploymentPostprocessing = 0;
		};
		2CF65DAE282442F300DC8A9C /* Frameworks */ = {
			isa = PBXFrameworksBuildPhase;
			buildActionMask = 2147483647;
			files = (
			);
			runOnlyForDeploymentPostprocessing = 0;
		};
		2CF65DB8282442F300DC8A9C /* Frameworks */ = {
			isa = PBXFrameworksBuildPhase;
			buildActionMask = 2147483647;
			files = (
			);
			runOnlyForDeploymentPostprocessing = 0;
		};
/* End PBXFrameworksBuildPhase section */

/* Begin PBXGroup section */
		2CF65D98282442EE00DC8A9C = {
			isa = PBXGroup;
			children = (
				2CF65DA3282442EE00DC8A9C /* TestTask_Radar */,
				2CF65DB4282442F300DC8A9C /* TestTask_RadarTests */,
				2CF65DBE282442F300DC8A9C /* TestTask_RadarUITests */,
				2CF65DA2282442EE00DC8A9C /* Products */,
			);
			sourceTree = "<group>";
		};
		2CF65DA2282442EE00DC8A9C /* Products */ = {
			isa = PBXGroup;
			children = (
				2CF65DA1282442EE00DC8A9C /* TestTask_Radar.app */,
				2CF65DB1282442F300DC8A9C /* TestTask_RadarTests.xctest */,
				2CF65DBB282442F300DC8A9C /* TestTask_RadarUITests.xctest */,
			);
			name = Products;
			sourceTree = "<group>";
		};
		2CF65DA3282442EE00DC8A9C /* TestTask_Radar */ = {
			isa = PBXGroup;
			children = (
				2CF65DA4282442EE00DC8A9C /* TestTask_RadarApp.swift */,
				2CF65DA6282442EE00DC8A9C /* ContentView.swift */,
				2CF65DA8282442F300DC8A9C /* Assets.xcassets */,
				2CF65DAA282442F300DC8A9C /* Preview Content */,
			);
			path = TestTask_Radar;
			sourceTree = "<group>";
		};
		2CF65DAA282442F300DC8A9C /* Preview Content */ = {
			isa = PBXGroup;
			children = (
				2CF65DAB282442F300DC8A9C /* Preview Assets.xcassets */,
			);
			path = "Preview Content";
			sourceTree = "<group>";
		};
		2CF65DB4282442F300DC8A9C /* TestTask_RadarTests */ = {
			isa = PBXGroup;
			children = (
				2CF65DB5282442F300DC8A9C /* TestTask_RadarTests.swift */,
			);
			path = TestTask_RadarTests;
			sourceTree = "<group>";
		};
		2CF65DBE282442F300DC8A9C /* TestTask_RadarUITests */ = {
			isa = PBXGroup;
			children = (
				2CF65DBF282442F300DC8A9C /* TestTask_RadarUITests.swift */,
				2CF65DC1282442F300DC8A9C /* TestTask_RadarUITestsLaunchTests.swift */,
			);
			path = TestTask_RadarUITests;
			sourceTree = "<group>";
		};
/* End PBXGroup section */

/* Begin PBXNativeTarget section */
		2CF65DA0282442EE00DC8A9C /* TestTask_Radar */ = {
			isa = PBXNativeTarget;
			buildConfigurationList = 2CF65DC5282442F300DC8A9C /* Build configuration list for PBXNativeTarget "TestTask_Radar" */;
			buildPhases = (
				2CF65D9D282442EE00DC8A9C /* Sources */,
				2CF65D9E282442EE00DC8A9C /* Frameworks */,
				2CF65D9F282442EE00DC8A9C /* Resources */,
			);
			buildRules = (
			);
			dependencies = (
			);
			name = TestTask_Radar;
			productName = TestTask_Radar;
			productReference = 2CF65DA1282442EE00DC8A9C /* TestTask_Radar.app */;
			productType = "com.apple.product-type.application";
		};
		2CF65DB0282442F300DC8A9C /* TestTask_RadarTests */ = {
			isa = PBXNativeTarget;
			buildConfigurationList = 2CF65DC8282442F300DC8A9C /* Build configuration list for PBXNativeTarget "TestTask_RadarTests" */;
			buildPhases = (
				2CF65DAD282442F300DC8A9C /* Sources */,
				2CF65DAE282442F300DC8A9C /* Frameworks */,
				2CF65DAF282442F300DC8A9C /* Resources */,
			);
			buildRules = (
			);
			dependencies = (
				2CF65DB3282442F300DC8A9C /* PBXTargetDependency */,
			);
			name = TestTask_RadarTests;
			productName = TestTask_RadarTests;
			productReference = 2CF65DB1282442F300DC8A9C /* TestTask_RadarTests.xctest */;
			productType = "com.apple.product-type.bundle.unit-test";
		};
		2CF65DBA282442F300DC8A9C /* TestTask_RadarUITests */ = {
			isa = PBXNativeTarget;
			buildConfigurationList = 2CF65DCB282442F300DC8A9C /* Build configuration list for PBXNativeTarget "TestTask_RadarUITests" */;
			buildPhases = (
				2CF65DB7282442F300DC8A9C /* Sources */,
				2CF65DB8282442F300DC8A9C /* Frameworks */,
				2CF65DB9282442F300DC8A9C /* Resources */,
			);
			buildRules = (
			);
			dependencies = (
				2CF65DBD282442F300DC8A9C /* PBXTargetDependency */,
			);
			name = TestTask_RadarUITests;
			productName = TestTask_RadarUITests;
			productReference = 2CF65DBB282442F300DC8A9C /* TestTask_RadarUITests.xctest */;
			productType = "com.apple.product-type.bundle.ui-testing";
		};
/* End PBXNativeTarget section */

/* Begin PBXProject section */
		2CF65D99282442EE00DC8A9C /* Project object */ = {
			isa = PBXProject;
			attributes = {
				BuildIndependentTargetsInParallel = 1;
				LastSwiftUpdateCheck = 1300;
				LastUpgradeCheck = 1300;
				TargetAttributes = {
					2CF65DA0282442EE00DC8A9C = {
						CreatedOnToolsVersion = 13.0;
					};
					2CF65DB0282442F300DC8A9C = {
						CreatedOnToolsVersion = 13.0;
						TestTargetID = 2CF65DA0282442EE00DC8A9C;
					};
					2CF65DBA282442F300DC8A9C = {
						CreatedOnToolsVersion = 13.0;
						TestTargetID = 2CF65DA0282442EE00DC8A9C;
					};
				};
			};
			buildConfigurationList = 2CF65D9C282442EE00DC8A9C /* Build configuration list for PBXProject "TestTask_Radar" */;
			compatibilityVersion = "Xcode 13.0";
			developmentRegion = en;
			hasScannedForEncodings = 0;
			knownRegions = (
				en,
				Base,
			);
			mainGroup = 2CF65D98282442EE00DC8A9C;
			productRefGroup = 2CF65DA2282442EE00DC8A9C /* Products */;
			projectDirPath = "";
			projectRoot = "";
			targets = (
				2CF65DA0282442EE00DC8A9C /* TestTask_Radar */,
				2CF65DB0282442F300DC8A9C /* TestTask_RadarTests */,
				2CF65DBA282442F300DC8A9C /* TestTask_RadarUITests */,
			);
		};
/* End PBXProject section */

/* Begin PBXResourcesBuildPhase section */
		2CF65D9F282442EE00DC8A9C /* Resources */ = {
			isa = PBXResourcesBuildPhase;
			buildActionMask = 2147483647;
			files = (
				2CF65DAC282442F300DC8A9C /* Preview Assets.xcassets in Resources */,
				2CF65DA9282442F300DC8A9C /* Assets.xcassets in Resources */,
			);
			runOnlyForDeploymentPostprocessing = 0;
		};
		2CF65DAF282442F300DC8A9C /* Resources */ = {
			isa = PBXResourcesBuildPhase;
			buildActionMask = 2147483647;
			files = (
			);
			runOnlyForDeploymentPostprocessing = 0;
		};
		2CF65DB9282442F300DC8A9C /* Resources */ = {
			isa = PBXResourcesBuildPhase;
			buildActionMask = 2147483647;
			files = (
			);
			runOnlyForDeploymentPostprocessing = 0;
		};
/* End PBXResourcesBuildPhase section */

/* Begin PBXSourcesBuildPhase section */
		2CF65D9D282442EE00DC8A9C /* Sources */ = {
			isa = PBXSourcesBuildPhase;
			buildActionMask = 2147483647;
			files = (
				2CF65DA7282442EE00DC8A9C /* ContentView.swift in Sources */,
				2CF65DA5282442EE00DC8A9C /* TestTask_RadarApp.swift in Sources */,
			);
			runOnlyForDeploymentPostprocessing = 0;
		};
		2CF65DAD282442F300DC8A9C /* Sources */ = {
			isa = PBXSourcesBuildPhase;
			buildActionMask = 2147483647;
			files = (
				2CF65DB6282442F300DC8A9C /* TestTask_RadarTests.swift in Sources */,
			);
			runOnlyForDeploymentPostprocessing = 0;
		};
		2CF65DB7282442F300DC8A9C /* Sources */ = {
			isa = PBXSourcesBuildPhase;
			buildActionMask = 2147483647;
			files = (
				2CF65DC2282442F300DC8A9C /* TestTask_RadarUITestsLaunchTests.swift in Sources */,
				2CF65DC0282442F300DC8A9C /* TestTask_RadarUITests.swift in Sources */,
			);
			runOnlyForDeploymentPostprocessing = 0;
		};
/* End PBXSourcesBuildPhase section */

/* Begin PBXTargetDependency section */
		2CF65DB3282442F300DC8A9C /* PBXTargetDependency */ = {
			isa = PBXTargetDependency;
			target = 2CF65DA0282442EE00DC8A9C /* TestTask_Radar */;
			targetProxy = 2CF65DB2282442F300DC8A9C /* PBXContainerItemProxy */;
		};
		2CF65DBD282442F300DC8A9C /* PBXTargetDependency */ = {
			isa = PBXTargetDependency;
			target = 2CF65DA0282442EE00DC8A9C /* TestTask_Radar */;
			targetProxy = 2CF65DBC282442F300DC8A9C /* PBXContainerItemProxy */;
		};
/* End PBXTargetDependency section */

/* Begin XCBuildConfiguration section */
		2CF65DC3282442F300DC8A9C /* Debug */ = {
			isa = XCBuildConfiguration;
			buildSettings = {
				ALWAYS_SEARCH_USER_PATHS = NO;
				CLANG_ANALYZER_NONNULL = YES;
				CLANG_ANALYZER_NUMBER_OBJECT_CONVERSION = YES_AGGRESSIVE;
				CLANG_CXX_LANGUAGE_STANDARD = "gnu++17";
				CLANG_CXX_LIBRARY = "libc++";
				CLANG_ENABLE_MODULES = YES;
				CLANG_ENABLE_OBJC_ARC = YES;
				CLANG_ENABLE_OBJC_WEAK = YES;
				CLANG_WARN_BLOCK_CAPTURE_AUTORELEASING = YES;
				CLANG_WARN_BOOL_CONVERSION = YES;
				CLANG_WARN_COMMA = YES;
				CLANG_WARN_CONSTANT_CONVERSION = YES;
				CLANG_WARN_DEPRECATED_OBJC_IMPLEMENTATIONS = YES;
				CLANG_WARN_DIRECT_OBJC_ISA_USAGE = YES_ERROR;
				CLANG_WARN_DOCUMENTATION_COMMENTS = YES;
				CLANG_WARN_EMPTY_BODY = YES;
				CLANG_WARN_ENUM_CONVERSION = YES;
				CLANG_WARN_INFINITE_RECURSION = YES;
				CLANG_WARN_INT_CONVERSION = YES;
				CLANG_WARN_NON_LITERAL_NULL_CONVERSION = YES;
				CLANG_WARN_OBJC_IMPLICIT_RETAIN_SELF = YES;
				CLANG_WARN_OBJC_LITERAL_CONVERSION = YES;
				CLANG_WARN_OBJC_ROOT_CLASS = YES_ERROR;
				CLANG_WARN_QUOTED_INCLUDE_IN_FRAMEWORK_HEADER = YES;
				CLANG_WARN_RANGE_LOOP_ANALYSIS = YES;
				CLANG_WARN_STRICT_PROTOTYPES = YES;
				CLANG_WARN_SUSPICIOUS_MOVE = YES;
				CLANG_WARN_UNGUARDED_AVAILABILITY = YES_AGGRESSIVE;
				CLANG_WARN_UNREACHABLE_CODE = YES;
				CLANG_WARN__DUPLICATE_METHOD_MATCH = YES;
				COPY_PHASE_STRIP = NO;
				DEBUG_INFORMATION_FORMAT = dwarf;
				ENABLE_STRICT_OBJC_MSGSEND = YES;
				ENABLE_TESTABILITY = YES;
				GCC_C_LANGUAGE_STANDARD = gnu11;
				GCC_DYNAMIC_NO_PIC = NO;
				GCC_NO_COMMON_BLOCKS = YES;
				GCC_OPTIMIZATION_LEVEL = 0;
				GCC_PREPROCESSOR_DEFINITIONS = (
					"DEBUG=1",
					"$(inherited)",
				);
				GCC_WARN_64_TO_32_BIT_CONVERSION = YES;
				GCC_WARN_ABOUT_RETURN_TYPE = YES_ERROR;
				GCC_WARN_UNDECLARED_SELECTOR = YES;
				GCC_WARN_UNINITIALIZED_AUTOS = YES_AGGRESSIVE;
				GCC_WARN_UNUSED_FUNCTION = YES;
				GCC_WARN_UNUSED_VARIABLE = YES;
				IPHONEOS_DEPLOYMENT_TARGET = 15.0;
				MTL_ENABLE_DEBUG_INFO = INCLUDE_SOURCE;
				MTL_FAST_MATH = YES;
				ONLY_ACTIVE_ARCH = YES;
				SDKROOT = iphoneos;
				SWIFT_ACTIVE_COMPILATION_CONDITIONS = DEBUG;
				SWIFT_OPTIMIZATION_LEVEL = "-Onone";
			};
			name = Debug;
		};
		2CF65DC4282442F300DC8A9C /* Release */ = {
			isa = XCBuildConfiguration;
			buildSettings = {
				ALWAYS_SEARCH_USER_PATHS = NO;
				CLANG_ANALYZER_NONNULL = YES;
				CLANG_ANALYZER_NUMBER_OBJECT_CONVERSION = YES_AGGRESSIVE;
				CLANG_CXX_LANGUAGE_STANDARD = "gnu++17";
				CLANG_CXX_LIBRARY = "libc++";
				CLANG_ENABLE_MODULES = YES;
				CLANG_ENABLE_OBJC_ARC = YES;
				CLANG_ENABLE_OBJC_WEAK = YES;
				CLANG_WARN_BLOCK_CAPTURE_AUTORELEASING = YES;
				CLANG_WARN_BOOL_CONVERSION = YES;
				CLANG_WARN_COMMA = YES;
				CLANG_WARN_CONSTANT_CONVERSION = YES;
				CLANG_WARN_DEPRECATED_OBJC_IMPLEMENTATIONS = YES;
				CLANG_WARN_DIRECT_OBJC_ISA_USAGE = YES_ERROR;
				CLANG_WARN_DOCUMENTATION_COMMENTS = YES;
				CLANG_WARN_EMPTY_BODY = YES;
				CLANG_WARN_ENUM_CONVERSION = YES;
				CLANG_WARN_INFINITE_RECURSION = YES;
				CLANG_WARN_INT_CONVERSION = YES;
				CLANG_WARN_NON_LITERAL_NULL_CONVERSION = YES;
				CLANG_WARN_OBJC_IMPLICIT_RETAIN_SELF = YES;
				CLANG_WARN_OBJC_LITERAL_CONVERSION = YES;
				CLANG_WARN_OBJC_ROOT_CLASS = YES_ERROR;
				CLANG_WARN_QUOTED_INCLUDE_IN_FRAMEWORK_HEADER = YES;
				CLANG_WARN_RANGE_LOOP_ANALYSIS = YES;
				CLANG_WARN_STRICT_PROTOTYPES = YES;
				CLANG_WARN_SUSPICIOUS_MOVE = YES;
				CLANG_WARN_UNGUARDED_AVAILABILITY = YES_AGGRESSIVE;
				CLANG_WARN_UNREACHABLE_CODE = YES;
				CLANG_WARN__DUPLICATE_METHOD_MATCH = YES;
				COPY_PHASE_STRIP = NO;
				DEBUG_INFORMATION_FORMAT = "dwarf-with-dsym";
				ENABLE_NS_ASSERTIONS = NO;
				ENABLE_STRICT_OBJC_MSGSEND = YES;
				GCC_C_LANGUAGE_STANDARD = gnu11;
				GCC_NO_COMMON_BLOCKS = YES;
				GCC_WARN_64_TO_32_BIT_CONVERSION = YES;
				GCC_WARN_ABOUT_RETURN_TYPE = YES_ERROR;
				GCC_WARN_UNDECLARED_SELECTOR = YES;
				GCC_WARN_UNINITIALIZED_AUTOS = YES_AGGRESSIVE;
				GCC_WARN_UNUSED_FUNCTION = YES;
				GCC_WARN_UNUSED_VARIABLE = YES;
				IPHONEOS_DEPLOYMENT_TARGET = 15.0;
				MTL_ENABLE_DEBUG_INFO = NO;
				MTL_FAST_MATH = YES;
				SDKROOT = iphoneos;
				SWIFT_COMPILATION_MODE = wholemodule;
				SWIFT_OPTIMIZATION_LEVEL = "-O";
				VALIDATE_PRODUCT = YES;
			};
			name = Release;
		};
		2CF65DC6282442F300DC8A9C /* Debug */ = {
			isa = XCBuildConfiguration;
			buildSettings = {
				ASSETCATALOG_COMPILER_APPICON_NAME = AppIcon;
				ASSETCATALOG_COMPILER_GLOBAL_ACCENT_COLOR_NAME = AccentColor;
				CODE_SIGN_STYLE = Automatic;
				CURRENT_PROJECT_VERSION = 1;
				DEVELOPMENT_ASSET_PATHS = "\"TestTask_Radar/Preview Content\"";
				ENABLE_PREVIEWS = YES;
				GENERATE_INFOPLIST_FILE = YES;
				INFOPLIST_KEY_UIApplicationSceneManifest_Generation = YES;
				INFOPLIST_KEY_UIApplicationSupportsIndirectInputEvents = YES;
				INFOPLIST_KEY_UILaunchScreen_Generation = YES;
				INFOPLIST_KEY_UISupportedInterfaceOrientations_iPad = "UIInterfaceOrientationPortrait UIInterfaceOrientationPortraitUpsideDown UIInterfaceOrientationLandscapeLeft UIInterfaceOrientationLandscapeRight";
				INFOPLIST_KEY_UISupportedInterfaceOrientations_iPhone = "UIInterfaceOrientationPortrait UIInterfaceOrientationLandscapeLeft UIInterfaceOrientationLandscapeRight";
				IPHONEOS_DEPLOYMENT_TARGET = 14.0;
				LD_RUNPATH_SEARCH_PATHS = (
					"$(inherited)",
					"@executable_path/Frameworks",
				);
				MARKETING_VERSION = 1.0;
				PRODUCT_BUNDLE_IDENTIFIER = "DemoProject.TestTask-Radar";
				PRODUCT_NAME = "$(TARGET_NAME)";
				SWIFT_EMIT_LOC_STRINGS = YES;
				SWIFT_VERSION = 5.0;
				TARGETED_DEVICE_FAMILY = "1,2";
			};
			name = Debug;
		};
		2CF65DC7282442F300DC8A9C /* Release */ = {
			isa = XCBuildConfiguration;
			buildSettings = {
				ASSETCATALOG_COMPILER_APPICON_NAME = AppIcon;
				ASSETCATALOG_COMPILER_GLOBAL_ACCENT_COLOR_NAME = AccentColor;
				CODE_SIGN_STYLE = Automatic;
				CURRENT_PROJECT_VERSION = 1;
				DEVELOPMENT_ASSET_PATHS = "\"TestTask_Radar/Preview Content\"";
				ENABLE_PREVIEWS = YES;
				GENERATE_INFOPLIST_FILE = YES;
				INFOPLIST_KEY_UIApplicationSceneManifest_Generation = YES;
				INFOPLIST_KEY_UIApplicationSupportsIndirectInputEvents = YES;
				INFOPLIST_KEY_UILaunchScreen_Generation = YES;
				INFOPLIST_KEY_UISupportedInterfaceOrientations_iPad = "UIInterfaceOrientationPortrait UIInterfaceOrientationPortraitUpsideDown UIInterfaceOrientationLandscapeLeft UIInterfaceOrientationLandscapeRight";
				INFOPLIST_KEY_UISupportedInterfaceOrientations_iPhone = "UIInterfaceOrientationPortrait UIInterfaceOrientationLandscapeLeft UIInterfaceOrientationLandscapeRight";
				IPHONEOS_DEPLOYMENT_TARGET = 14.0;
				LD_RUNPATH_SEARCH_PATHS = (
					"$(inherited)",
					"@executable_path/Frameworks",
				);
				MARKETING_VERSION = 1.0;
				PRODUCT_BUNDLE_IDENTIFIER = "DemoProject.TestTask-Radar";
				PRODUCT_NAME = "$(TARGET_NAME)";
				SWIFT_EMIT_LOC_STRINGS = YES;
				SWIFT_VERSION = 5.0;
				TARGETED_DEVICE_FAMILY = "1,2";
			};
			name = Release;
		};
		2CF65DC9282442F300DC8A9C /* Debug */ = {
			isa = XCBuildConfiguration;
			buildSettings = {
				ALWAYS_EMBED_SWIFT_STANDARD_LIBRARIES = YES;
				BUNDLE_LOADER = "$(TEST_HOST)";
				CODE_SIGN_STYLE = Automatic;
				CURRENT_PROJECT_VERSION = 1;
				GENERATE_INFOPLIST_FILE = YES;
				IPHONEOS_DEPLOYMENT_TARGET = 14.0;
				LD_RUNPATH_SEARCH_PATHS = (
					"$(inherited)",
					"@executable_path/Frameworks",
					"@loader_path/Frameworks",
				);
				MARKETING_VERSION = 1.0;
				PRODUCT_BUNDLE_IDENTIFIER = "DemoProject.TestTask-RadarTests";
				PRODUCT_NAME = "$(TARGET_NAME)";
				SWIFT_EMIT_LOC_STRINGS = NO;
				SWIFT_VERSION = 5.0;
				TARGETED_DEVICE_FAMILY = "1,2";
				TEST_HOST = "$(BUILT_PRODUCTS_DIR)/TestTask_Radar.app/TestTask_Radar";
			};
			name = Debug;
		};
		2CF65DCA282442F300DC8A9C /* Release */ = {
			isa = XCBuildConfiguration;
			buildSettings = {
				ALWAYS_EMBED_SWIFT_STANDARD_LIBRARIES = YES;
				BUNDLE_LOADER = "$(TEST_HOST)";
				CODE_SIGN_STYLE = Automatic;
				CURRENT_PROJECT_VERSION = 1;
				GENERATE_INFOPLIST_FILE = YES;
				IPHONEOS_DEPLOYMENT_TARGET = 14.0;
				LD_RUNPATH_SEARCH_PATHS = (
					"$(inherited)",
					"@executable_path/Frameworks",
					"@loader_path/Frameworks",
				);
				MARKETING_VERSION = 1.0;
				PRODUCT_BUNDLE_IDENTIFIER = "DemoProject.TestTask-RadarTests";
				PRODUCT_NAME = "$(TARGET_NAME)";
				SWIFT_EMIT_LOC_STRINGS = NO;
				SWIFT_VERSION = 5.0;
				TARGETED_DEVICE_FAMILY = "1,2";
				TEST_HOST = "$(BUILT_PRODUCTS_DIR)/TestTask_Radar.app/TestTask_Radar";
			};
			name = Release;
		};
		2CF65DCC282442F300DC8A9C /* Debug */ = {
			isa = XCBuildConfiguration;
			buildSettings = {
				ALWAYS_EMBED_SWIFT_STANDARD_LIBRARIES = YES;
				CODE_SIGN_STYLE = Automatic;
				CURRENT_PROJECT_VERSION = 1;
				GENERATE_INFOPLIST_FILE = YES;
				LD_RUNPATH_SEARCH_PATHS = (
					"$(inherited)",
					"@executable_path/Frameworks",
					"@loader_path/Frameworks",
				);
				MARKETING_VERSION = 1.0;
				PRODUCT_BUNDLE_IDENTIFIER = "DemoProject.TestTask-RadarUITests";
				PRODUCT_NAME = "$(TARGET_NAME)";
				SWIFT_EMIT_LOC_STRINGS = NO;
				SWIFT_VERSION = 5.0;
				TARGETED_DEVICE_FAMILY = "1,2";
				TEST_TARGET_NAME = TestTask_Radar;
			};
			name = Debug;
		};
		2CF65DCD282442F300DC8A9C /* Release */ = {
			isa = XCBuildConfiguration;
			buildSettings = {
				ALWAYS_EMBED_SWIFT_STANDARD_LIBRARIES = YES;
				CODE_SIGN_STYLE = Automatic;
				CURRENT_PROJECT_VERSION = 1;
				GENERATE_INFOPLIST_FILE = YES;
				LD_RUNPATH_SEARCH_PATHS = (
					"$(inherited)",
					"@executable_path/Frameworks",
					"@loader_path/Frameworks",
				);
				MARKETING_VERSION = 1.0;
				PRODUCT_BUNDLE_IDENTIFIER = "DemoProject.TestTask-RadarUITests";
				PRODUCT_NAME = "$(TARGET_NAME)";
				SWIFT_EMIT_LOC_STRINGS = NO;
				SWIFT_VERSION = 5.0;
				TARGETED_DEVICE_FAMILY = "1,2";
				TEST_TARGET_NAME = TestTask_Radar;
			};
			name = Release;
		};
/* End XCBuildConfiguration section */

/* Begin XCConfigurationList section */
		2CF65D9C282442EE00DC8A9C /* Build configuration list for PBXProject "TestTask_Radar" */ = {
			isa = XCConfigurationList;
			buildConfigurations = (
				2CF65DC3282442F300DC8A9C /* Debug */,
				2CF65DC4282442F300DC8A9C /* Release */,
			);
			defaultConfigurationIsVisible = 0;
			defaultConfigurationName = Release;
		};
		2CF65DC5282442F300DC8A9C /* Build configuration list for PBXNativeTarget "TestTask_Radar" */ = {
			isa = XCConfigurationList;
			buildConfigurations = (
				2CF65DC6282442F300DC8A9C /* Debug */,
				2CF65DC7282442F300DC8A9C /* Release */,
			);
			defaultConfigurationIsVisible = 0;
			defaultConfigurationName = Release;
		};
		2CF65DC8282442F300DC8A9C /* Build configuration list for PBXNativeTarget "TestTask_RadarTests" */ = {
			isa = XCConfigurationList;
			buildConfigurations = (
				2CF65DC9282442F300DC8A9C /* Debug */,
				2CF65DCA282442F300DC8A9C /* Release */,
			);
			defaultConfigurationIsVisible = 0;
			defaultConfigurationName = Release;
		};
		2CF65DCB282442F300DC8A9C /* Build configuration list for PBXNativeTarget "TestTask_RadarUITests" */ = {
			isa = XCConfigurationList;
			buildConfigurations = (
				2CF65DCC282442F300DC8A9C /* Debug */,
				2CF65DCD282442F300DC8A9C /* Release */,
			);
			defaultConfigurationIsVisible = 0;
			defaultConfigurationName = Release;
		};
/* End XCConfigurationList section */
	};
	rootObject = 2CF65D99282442EE00DC8A9C /* Project object */;
}
